
Microsoft Visual Studio Solution File, Format Version 12.00
# Visual Studio Version 17
VisualStudioVersion = 17.3.32825.248
MinimumVisualStudioVersion = 10.0.40219.1
Project("{FAE04EC0-301F-11D3-BF4B-00C04F79EFBC}") = "Prolab2.1", "Prolab2.1\Prolab2.1.csproj", "{226CCC25-A78B-47B8-8771-1E8F812C3307}"
EndProject
Global
	GlobalSection(SolutionConfigurationPlatforms) = preSolution
		Debug|Any CPU = Debug|Any CPU
		Release|Any CPU = Release|Any CPU
	EndGlobalSection
	GlobalSection(ProjectConfigurationPlatforms) = postSolution
		{226CCC25-A78B-47B8-8771-1E8F812C3307}.Debug|Any CPU.ActiveCfg = Debug|Any CPU
		{226CCC25-A78B-47B8-8771-1E8F812C3307}.Debug|Any CPU.Build.0 = Debug|Any CPU
		{226CCC25-A78B-47B8-8771-1E8F812C3307}.Release|Any CPU.ActiveCfg = Release|Any CPU
		{226CCC25-A78B-47B8-8771-1E8F812C3307}.Release|Any CPU.Build.0 = Release|Any CPU
	EndGlobalSection
	GlobalSection(SolutionProperties) = preSolution
		HideSolutionNode = FALSE
	EndGlobalSection
	GlobalSection(ExtensibilityGlobals) = postSolution
		SolutionGuid = {9D69F6CF-8531-4664-BD53-0059459872E6}
	EndGlobalSection
EndGlobal
